
Microsoft Visual Studio Solution File, Format Version 12.00
# Visual Studio Version 17
VisualStudioVersion = 17.4.33205.214
MinimumVisualStudioVersion = 10.0.40219.1
Project("{8BC9CEB8-8B4A-11D0-8D11-00A0C91BC942}") = "MPIAA 6-7 laba", "MPIAA 6-7 laba\MPIAA 6-7 laba.vcxproj", "{77B8F2EA-D5FE-47BF-A6D1-908B475CF1FF}"
EndProject
Global
	GlobalSection(SolutionConfigurationPlatforms) = preSolution
		Debug|x64 = Debug|x64
		Debug|x86 = Debug|x86
		Release|x64 = Release|x64
		Release|x86 = Release|x86
	EndGlobalSection
	GlobalSection(ProjectConfigurationPlatforms) = postSolution
		{77B8F2EA-D5FE-47BF-A6D1-908B475CF1FF}.Debug|x64.ActiveCfg = Debug|x64
		{77B8F2EA-D5FE-47BF-A6D1-908B475CF1FF}.Debug|x64.Build.0 = Debug|x64
		{77B8F2EA-D5FE-47BF-A6D1-908B475CF1FF}.Debug|x86.ActiveCfg = Debug|Win32
		{77B8F2EA-D5FE-47BF-A6D1-908B475CF1FF}.Debug|x86.Build.0 = Debug|Win32
		{77B8F2EA-D5FE-47BF-A6D1-908B475CF1FF}.Release|x64.ActiveCfg = Release|x64
		{77B8F2EA-D5FE-47BF-A6D1-908B475CF1FF}.Release|x64.Build.0 = Release|x64
		{77B8F2EA-D5FE-47BF-A6D1-908B475CF1FF}.Release|x86.ActiveCfg = Release|Win32
		{77B8F2EA-D5FE-47BF-A6D1-908B475CF1FF}.Release|x86.Build.0 = Release|Win32
	EndGlobalSection
	GlobalSection(SolutionProperties) = preSolution
		HideSolutionNode = FALSE
	EndGlobalSection
	GlobalSection(ExtensibilityGlobals) = postSolution
		SolutionGuid = {61A1F87E-6304-4573-AC9B-D2025EC05FFF}
	EndGlobalSection
EndGlobal
